
Microsoft Visual Studio Solution File, Format Version 12.00
# Visual Studio Version 17
VisualStudioVersion = 17.2.32630.192
MinimumVisualStudioVersion = 10.0.40219.1
Project("{FAE04EC0-301F-11D3-BF4B-00C04F79EFBC}") = "Financas", "Financas\Financas.csproj", "{D29C422E-A1E6-4E20-9164-4B058B5BE5BF}"
EndProject
Global
	GlobalSection(SolutionConfigurationPlatforms) = preSolution
		Debug|Any CPU = Debug|Any CPU
		Release|Any CPU = Release|Any CPU
	EndGlobalSection
	GlobalSection(ProjectConfigurationPlatforms) = postSolution
		{D29C422E-A1E6-4E20-9164-4B058B5BE5BF}.Debug|Any CPU.ActiveCfg = Debug|Any CPU
		{D29C422E-A1E6-4E20-9164-4B058B5BE5BF}.Debug|Any CPU.Build.0 = Debug|Any CPU
		{D29C422E-A1E6-4E20-9164-4B058B5BE5BF}.Release|Any CPU.ActiveCfg = Release|Any CPU
		{D29C422E-A1E6-4E20-9164-4B058B5BE5BF}.Release|Any CPU.Build.0 = Release|Any CPU
	EndGlobalSection
	GlobalSection(SolutionProperties) = preSolution
		HideSolutionNode = FALSE
	EndGlobalSection
	GlobalSection(ExtensibilityGlobals) = postSolution
		SolutionGuid = {F95C6450-EF20-410A-8034-8D4BAE09E66D}
	EndGlobalSection
EndGlobal
